
Microsoft Visual Studio Solution File, Format Version 10.00
# Visual Studio 2008
Project("{8BC9CEB8-8B4A-11D0-8D11-00A0C91BC942}") = "NamedPipeServer", "NamedPipeServer.vcproj", "{6B56907F-1E82-4C7B-9ADA-9D5AAD3F63EA}"
EndProject
Global
	GlobalSection(SolutionConfigurationPlatforms) = preSolution
		Debug|Win32 = Debug|Win32
		Release|Win32 = Release|Win32
	EndGlobalSection
	GlobalSection(ProjectConfigurationPlatforms) = postSolution
		{6B56907F-1E82-4C7B-9ADA-9D5AAD3F63EA}.Debug|Win32.ActiveCfg = Debug|Win32
		{6B56907F-1E82-4C7B-9ADA-9D5AAD3F63EA}.Debug|Win32.Build.0 = Debug|Win32
		{6B56907F-1E82-4C7B-9ADA-9D5AAD3F63EA}.Release|Win32.ActiveCfg = Release|Win32
		{6B56907F-1E82-4C7B-9ADA-9D5AAD3F63EA}.Release|Win32.Build.0 = Release|Win32
	EndGlobalSection
	GlobalSection(SolutionProperties) = preSolution
		HideSolutionNode = FALSE
	EndGlobalSection
EndGlobal
